{
  "version": 4,
  "terraform_version": "1.12.1",
  "serial": 4,
  "lineage": "3750180a-41c2-d11f-ef1e-63aabecab317",
  "outputs": {
    "vertex_ai_index_endpoint_id": {
      "value": "projects/backend-developer-446300/locations/us-central1/indexEndpoints/6848780963602759680",
      "type": "string"
    }
  },
  "resources": [
    {
      "mode": "data",
      "type": "google_project",
      "name": "current",
      "provider": "provider[\"registry.terraform.io/hashicorp/google\"]",
      "instances": [
        {
          "schema_version": 0,
          "attributes": {
            "auto_create_network": null,
            "billing_account": "013BD4-CCFD34-8940A6",
            "deletion_policy": "PREVENT",
            "effective_labels": {
              "generative-language": "enabled"
            },
            "folder_id": null,
            "id": "projects/backend-developer-446300",
            "labels": {
              "generative-language": "enabled"
            },
            "name": "backend-developer",
            "number": "614117709322",
            "org_id": null,
            "project_id": "backend-developer-446300",
            "tags": null,
            "terraform_labels": {
              "generative-language": "enabled"
            }
          },
          "sensitive_attributes": [],
          "identity_schema_version": 0
        }
      ]
    },
    {
      "mode": "managed",
      "type": "google_vertex_ai_index",
      "name": "protocols_index",
      "provider": "provider[\"registry.terraform.io/hashicorp/google\"]",
      "instances": [
        {
          "schema_version": 0,
          "attributes": {
            "create_time": "2025-06-09T18:01:49.219415Z",
            "deployed_indexes": [],
            "description": "Índice para los protocolos de logística",
            "display_name": "protocolos-logistica-idx-public",
            "effective_labels": {
              "goog-terraform-provisioned": "true"
            },
            "etag": null,
            "id": "projects/backend-developer-446300/locations/us-central1/indexes/2327624334559936512",
            "index_stats": [
              {
                "shards_count": 1,
                "vectors_count": ""
              }
            ],
            "index_update_method": "BATCH_UPDATE",
            "labels": null,
            "metadata": [
              {
                "config": [
                  {
                    "algorithm_config": [
                      {
                        "brute_force_config": [],
                        "tree_ah_config": [
                          {
                            "leaf_node_embedding_count": 0,
                            "leaf_nodes_to_search_percent": 10
                          }
                        ]
                      }
                    ],
                    "approximate_neighbors_count": 150,
                    "dimensions": 768,
                    "distance_measure_type": "COSINE_DISTANCE",
                    "feature_norm_type": "UNIT_L2_NORM",
                    "shard_size": "SHARD_SIZE_MEDIUM"
                  }
                ],
                "contents_delta_uri": "gs://ia-agent/logistics-files/",
                "is_complete_overwrite": false
              }
            ],
            "metadata_schema_uri": "gs://google-cloud-aiplatform/schema/matchingengine/metadata/nearest_neighbor_search_1.0.0.yaml",
            "name": "2327624334559936512",
            "project": "backend-developer-446300",
            "region": "us-central1",
            "terraform_labels": {
              "goog-terraform-provisioned": "true"
            },
            "timeouts": null,
            "update_time": "2025-06-09T18:02:07.278466Z"
          },
          "sensitive_attributes": [],
          "identity_schema_version": 0,
          "private": "eyJlMmJmYjczMC1lY2FhLTExZTYtOGY4OC0zNDM2M2JjN2M0YzAiOnsiY3JlYXRlIjoxMDgwMDAwMDAwMDAwMCwiZGVsZXRlIjoxMDgwMDAwMDAwMDAwMCwidXBkYXRlIjoxMDgwMDAwMDAwMDAwMH19"
        }
      ]
    },
    {
      "mode": "managed",
      "type": "google_vertex_ai_index_endpoint",
      "name": "protocols_endpoint",
      "provider": "provider[\"registry.terraform.io/hashicorp/google\"]",
      "instances": [
        {
          "schema_version": 0,
          "attributes": {
            "create_time": "2025-06-09T18:01:49.088060Z",
            "description": "",
            "display_name": "logistics-index-endpoint",
            "effective_labels": {
              "goog-terraform-provisioned": "true"
            },
            "etag": null,
            "id": "projects/backend-developer-446300/locations/us-central1/indexEndpoints/6848780963602759680",
            "labels": null,
            "name": "6848780963602759680",
            "network": "",
            "private_service_connect_config": [
              {
                "enable_private_service_connect": false,
                "project_allowlist": []
              }
            ],
            "project": "backend-developer-446300",
            "public_endpoint_domain_name": "1011271443.us-central1-614117709322.vdb.vertexai.goog",
            "public_endpoint_enabled": null,
            "region": "us-central1",
            "terraform_labels": {
              "goog-terraform-provisioned": "true"
            },
            "timeouts": null,
            "update_time": "2025-06-09T18:01:49.915444Z"
          },
          "sensitive_attributes": [],
          "identity_schema_version": 0,
          "private": "eyJlMmJmYjczMC1lY2FhLTExZTYtOGY4OC0zNDM2M2JjN2M0YzAiOnsiY3JlYXRlIjoxMjAwMDAwMDAwMDAwLCJkZWxldGUiOjEyMDAwMDAwMDAwMDAsInVwZGF0ZSI6MTIwMDAwMDAwMDAwMH19"
        }
      ]
    },
    {
      "mode": "managed",
      "type": "null_resource",
      "name": "deploy_index_via_gcloud",
      "provider": "provider[\"registry.terraform.io/hashicorp/null\"]",
      "instances": [
        {
          "schema_version": 0,
          "attributes": {
            "id": "6294576955998402710",
            "triggers": null
          },
          "sensitive_attributes": [],
          "identity_schema_version": 0,
          "dependencies": [
            "google_vertex_ai_index.protocols_index",
            "google_vertex_ai_index_endpoint.protocols_endpoint"
          ]
        }
      ]
    }
  ],
  "check_results": null
}
